github.com/KarpelesLab/base58 v1.1.1 h1:TYKMYotRAygpr57rzMHYIriPTwRcNOV/QH5+wJ7wr2s=
github.com/KarpelesLab/base58 v1.1.1/go.mod h1:QXHyIAfZqjiLAMC9MQTwvgFAlO0R5noDPr29bWYXhH4=
github.com/KarpelesLab/blake256 v1.0.1 h1:nX2AhNgz2YRAlTdLlapEnOIyKxT7Le22OntKtDXr5v0=
github.com/KarpelesLab/blake256 v1.0.1/go.mod h1:DgAiY5aPPMQGqb5zlsM2aLVwAaWoTbkLS6HISDb3gCA=
golang.org/x/crypto v0.19.0 h1:ENy+Az/9Y1vSrlrvBSyna3PITt4tiZLf7sgCjZBX7Wo=
golang.org/x/crypto v0.19.0/go.mod h1:Iy9bg/ha4yyC70EfRS8jz+B6ybOBKMaSxLj6P6oBDfU=
